
Microsoft Visual Studio Solution File, Format Version 12.00
# Visual Studio Version 17
VisualStudioVersion = 17.5.002.0
MinimumVisualStudioVersion = 10.0.40219.1
Project("{9A19103F-16F7-4668-BE54-9A1E7A4F7556}") = "PipeSender", "PipeSender.csproj", "{E1BD725C-2AF3-45DC-B80B-F366D39F7DD6}"
EndProject
Global
	GlobalSection(SolutionConfigurationPlatforms) = preSolution
		Debug|Any CPU = Debug|Any CPU
		Release|Any CPU = Release|Any CPU
	EndGlobalSection
	GlobalSection(ProjectConfigurationPlatforms) = postSolution
		{E1BD725C-2AF3-45DC-B80B-F366D39F7DD6}.Debug|Any CPU.ActiveCfg = Debug|Any CPU
		{E1BD725C-2AF3-45DC-B80B-F366D39F7DD6}.Debug|Any CPU.Build.0 = Debug|Any CPU
		{E1BD725C-2AF3-45DC-B80B-F366D39F7DD6}.Release|Any CPU.ActiveCfg = Release|Any CPU
		{E1BD725C-2AF3-45DC-B80B-F366D39F7DD6}.Release|Any CPU.Build.0 = Release|Any CPU
	EndGlobalSection
	GlobalSection(SolutionProperties) = preSolution
		HideSolutionNode = FALSE
	EndGlobalSection
	GlobalSection(ExtensibilityGlobals) = postSolution
		SolutionGuid = {5776C1D3-F111-4A4B-94B8-9964F26DFDF7}
	EndGlobalSection
EndGlobal
